
Microsoft Visual Studio Solution File, Format Version 12.00
# Visual Studio Version 16
VisualStudioVersion = 16.0.32126.315
MinimumVisualStudioVersion = 10.0.40219.1
<<<<<<< Updated upstream
Project("{2150E333-8FDC-42A3-9474-1A3956D46DE8}") = "Api", "Api", "{C6592751-A26C-461C-B620-5C585F47202E}"
EndProject
Project("{2150E333-8FDC-42A3-9474-1A3956D46DE8}") = "Bussisnes Logic", "Bussisnes Logic", "{1F608D3A-3D96-4F91-B0AE-41FD61B0F0F2}"
EndProject
Project("{2150E333-8FDC-42A3-9474-1A3956D46DE8}") = "Models", "Models", "{893B5245-5ED0-4350-8357-203BE8A9C7CF}"
EndProject
Project("{2150E333-8FDC-42A3-9474-1A3956D46DE8}") = "Data Acces", "Data Acces", "{6FF7AEFA-A58D-4103-AA88-7062DF406E45}"
EndProject
Project("{FAE04EC0-301F-11D3-BF4B-00C04F79EFBC}") = "NetBank.BussisnesLogic", "NetBank.BussisnesLogic\NetBank.BussisnesLogic.csproj", "{CB03EF3B-FE3F-49D4-8076-62458C9B2E64}"
EndProject
Project("{FAE04EC0-301F-11D3-BF4B-00C04F79EFBC}") = "NetBank.Models", "NetBank.Models\NetBank.Models.csproj", "{7B817CC2-AA14-4C13-96B4-34F3DA5C2178}"
EndProject
Project("{FAE04EC0-301F-11D3-BF4B-00C04F79EFBC}") = "NetBank.DataAccess", "NetBank.DataAccess\NetBank.DataAccess.csproj", "{04A35B3C-AC7E-4551-A9B9-D55D34FC1713}"
EndProject
Project("{FAE04EC0-301F-11D3-BF4B-00C04F79EFBC}") = "NetBank.Api", "NetBank.Api\NetBank.Api.csproj", "{6D7525A7-00E0-4332-99A2-363AAA68D11C}"
EndProject
Project("{FAE04EC0-301F-11D3-BF4B-00C04F79EFBC}") = "NetBank.APII", "NetBank.APII\NetBank.APII.csproj", "{976CF1FA-531B-4973-98CA-1D5A9671E9E7}"
=======
Project("{2150E333-8FDC-42A3-9474-1A3956D46DE8}") = "Api", "Api", "{7D37E0ED-48E4-429A-8947-A1C7AA53B090}"
EndProject
Project("{2150E333-8FDC-42A3-9474-1A3956D46DE8}") = "BusinessLogic", "BusinessLogic", "{A17429FB-B86E-46E5-958B-BB8528D413DA}"
EndProject
Project("{2150E333-8FDC-42A3-9474-1A3956D46DE8}") = "DataAccess", "DataAccess", "{D90ED164-FD83-4957-A9E0-0F815155EC15}"
EndProject
Project("{2150E333-8FDC-42A3-9474-1A3956D46DE8}") = "Models", "Models", "{240D023B-0D02-464C-86EB-528C1D79BC0D}"
EndProject
Project("{FAE04EC0-301F-11D3-BF4B-00C04F79EFBC}") = "Netbank.Api", "Netbank.Api\Netbank.Api.csproj", "{AB586420-963F-4246-86D3-DDDDF781C39B}"
EndProject
Project("{FAE04EC0-301F-11D3-BF4B-00C04F79EFBC}") = "NetBank.BusinessLogic", "NetBank.BusinessLogic\NetBank.BusinessLogic.csproj", "{E3F04961-858D-453E-B494-0944D01EE974}"
EndProject
Project("{FAE04EC0-301F-11D3-BF4B-00C04F79EFBC}") = "NetBank.DataAccess", "NetBank.DataAccess\NetBank.DataAccess.csproj", "{BB12C455-470E-4E3D-B79C-D96DE9D15ACE}"
EndProject
Project("{FAE04EC0-301F-11D3-BF4B-00C04F79EFBC}") = "NetBank.Models", "NetBanl.Models\NetBank.Models.csproj", "{DA32C74E-9C0E-4093-A653-5255270F90E6}"
>>>>>>> Stashed changes
EndProject
Global
	GlobalSection(SolutionConfigurationPlatforms) = preSolution
		Debug|Any CPU = Debug|Any CPU
		Release|Any CPU = Release|Any CPU
	EndGlobalSection
	GlobalSection(ProjectConfigurationPlatforms) = postSolution
<<<<<<< Updated upstream
		{CB03EF3B-FE3F-49D4-8076-62458C9B2E64}.Debug|Any CPU.ActiveCfg = Debug|Any CPU
		{CB03EF3B-FE3F-49D4-8076-62458C9B2E64}.Debug|Any CPU.Build.0 = Debug|Any CPU
		{CB03EF3B-FE3F-49D4-8076-62458C9B2E64}.Release|Any CPU.ActiveCfg = Release|Any CPU
		{CB03EF3B-FE3F-49D4-8076-62458C9B2E64}.Release|Any CPU.Build.0 = Release|Any CPU
		{7B817CC2-AA14-4C13-96B4-34F3DA5C2178}.Debug|Any CPU.ActiveCfg = Debug|Any CPU
		{7B817CC2-AA14-4C13-96B4-34F3DA5C2178}.Debug|Any CPU.Build.0 = Debug|Any CPU
		{7B817CC2-AA14-4C13-96B4-34F3DA5C2178}.Release|Any CPU.ActiveCfg = Release|Any CPU
		{7B817CC2-AA14-4C13-96B4-34F3DA5C2178}.Release|Any CPU.Build.0 = Release|Any CPU
		{04A35B3C-AC7E-4551-A9B9-D55D34FC1713}.Debug|Any CPU.ActiveCfg = Debug|Any CPU
		{04A35B3C-AC7E-4551-A9B9-D55D34FC1713}.Debug|Any CPU.Build.0 = Debug|Any CPU
		{04A35B3C-AC7E-4551-A9B9-D55D34FC1713}.Release|Any CPU.ActiveCfg = Release|Any CPU
		{04A35B3C-AC7E-4551-A9B9-D55D34FC1713}.Release|Any CPU.Build.0 = Release|Any CPU
		{6D7525A7-00E0-4332-99A2-363AAA68D11C}.Debug|Any CPU.ActiveCfg = Debug|Any CPU
		{6D7525A7-00E0-4332-99A2-363AAA68D11C}.Debug|Any CPU.Build.0 = Debug|Any CPU
		{6D7525A7-00E0-4332-99A2-363AAA68D11C}.Release|Any CPU.ActiveCfg = Release|Any CPU
		{6D7525A7-00E0-4332-99A2-363AAA68D11C}.Release|Any CPU.Build.0 = Release|Any CPU
		{976CF1FA-531B-4973-98CA-1D5A9671E9E7}.Debug|Any CPU.ActiveCfg = Debug|Any CPU
		{976CF1FA-531B-4973-98CA-1D5A9671E9E7}.Debug|Any CPU.Build.0 = Debug|Any CPU
		{976CF1FA-531B-4973-98CA-1D5A9671E9E7}.Release|Any CPU.ActiveCfg = Release|Any CPU
		{976CF1FA-531B-4973-98CA-1D5A9671E9E7}.Release|Any CPU.Build.0 = Release|Any CPU
=======
		{AB586420-963F-4246-86D3-DDDDF781C39B}.Debug|Any CPU.ActiveCfg = Debug|Any CPU
		{AB586420-963F-4246-86D3-DDDDF781C39B}.Debug|Any CPU.Build.0 = Debug|Any CPU
		{AB586420-963F-4246-86D3-DDDDF781C39B}.Release|Any CPU.ActiveCfg = Release|Any CPU
		{AB586420-963F-4246-86D3-DDDDF781C39B}.Release|Any CPU.Build.0 = Release|Any CPU
		{E3F04961-858D-453E-B494-0944D01EE974}.Debug|Any CPU.ActiveCfg = Debug|Any CPU
		{E3F04961-858D-453E-B494-0944D01EE974}.Debug|Any CPU.Build.0 = Debug|Any CPU
		{E3F04961-858D-453E-B494-0944D01EE974}.Release|Any CPU.ActiveCfg = Release|Any CPU
		{E3F04961-858D-453E-B494-0944D01EE974}.Release|Any CPU.Build.0 = Release|Any CPU
		{BB12C455-470E-4E3D-B79C-D96DE9D15ACE}.Debug|Any CPU.ActiveCfg = Debug|Any CPU
		{BB12C455-470E-4E3D-B79C-D96DE9D15ACE}.Debug|Any CPU.Build.0 = Debug|Any CPU
		{BB12C455-470E-4E3D-B79C-D96DE9D15ACE}.Release|Any CPU.ActiveCfg = Release|Any CPU
		{BB12C455-470E-4E3D-B79C-D96DE9D15ACE}.Release|Any CPU.Build.0 = Release|Any CPU
		{DA32C74E-9C0E-4093-A653-5255270F90E6}.Debug|Any CPU.ActiveCfg = Debug|Any CPU
		{DA32C74E-9C0E-4093-A653-5255270F90E6}.Debug|Any CPU.Build.0 = Debug|Any CPU
		{DA32C74E-9C0E-4093-A653-5255270F90E6}.Release|Any CPU.ActiveCfg = Release|Any CPU
		{DA32C74E-9C0E-4093-A653-5255270F90E6}.Release|Any CPU.Build.0 = Release|Any CPU
>>>>>>> Stashed changes
	EndGlobalSection
	GlobalSection(SolutionProperties) = preSolution
		HideSolutionNode = FALSE
	EndGlobalSection
	GlobalSection(NestedProjects) = preSolution
<<<<<<< Updated upstream
		{CB03EF3B-FE3F-49D4-8076-62458C9B2E64} = {1F608D3A-3D96-4F91-B0AE-41FD61B0F0F2}
		{7B817CC2-AA14-4C13-96B4-34F3DA5C2178} = {893B5245-5ED0-4350-8357-203BE8A9C7CF}
		{04A35B3C-AC7E-4551-A9B9-D55D34FC1713} = {6FF7AEFA-A58D-4103-AA88-7062DF406E45}
		{6D7525A7-00E0-4332-99A2-363AAA68D11C} = {C6592751-A26C-461C-B620-5C585F47202E}
=======
		{AB586420-963F-4246-86D3-DDDDF781C39B} = {7D37E0ED-48E4-429A-8947-A1C7AA53B090}
		{E3F04961-858D-453E-B494-0944D01EE974} = {A17429FB-B86E-46E5-958B-BB8528D413DA}
		{BB12C455-470E-4E3D-B79C-D96DE9D15ACE} = {D90ED164-FD83-4957-A9E0-0F815155EC15}
		{DA32C74E-9C0E-4093-A653-5255270F90E6} = {240D023B-0D02-464C-86EB-528C1D79BC0D}
>>>>>>> Stashed changes
	EndGlobalSection
	GlobalSection(ExtensibilityGlobals) = postSolution
		SolutionGuid = {030BB926-20C1-4D4C-8819-53F2DAE48877}
	EndGlobalSection
EndGlobal
