
Microsoft Visual Studio Solution File, Format Version 12.00
# Visual Studio Version 17
VisualStudioVersion = 17.13.35919.96 d17.13
MinimumVisualStudioVersion = 10.0.40219.1
Project("{FAE04EC0-301F-11D3-BF4B-00C04F79EFBC}") = "MoneyBankWeb-juan", "MoneyBankWeb-juan\MoneyBankWeb-juan.csproj", "{26DE4E86-C995-46B6-9F7D-B8013FE0060A}"
EndProject
Global
	GlobalSection(SolutionConfigurationPlatforms) = preSolution
		Debug|Any CPU = Debug|Any CPU
		Release|Any CPU = Release|Any CPU
	EndGlobalSection
	GlobalSection(ProjectConfigurationPlatforms) = postSolution
		{26DE4E86-C995-46B6-9F7D-B8013FE0060A}.Debug|Any CPU.ActiveCfg = Debug|Any CPU
		{26DE4E86-C995-46B6-9F7D-B8013FE0060A}.Debug|Any CPU.Build.0 = Debug|Any CPU
		{26DE4E86-C995-46B6-9F7D-B8013FE0060A}.Release|Any CPU.ActiveCfg = Release|Any CPU
		{26DE4E86-C995-46B6-9F7D-B8013FE0060A}.Release|Any CPU.Build.0 = Release|Any CPU
	EndGlobalSection
	GlobalSection(SolutionProperties) = preSolution
		HideSolutionNode = FALSE
	EndGlobalSection
	GlobalSection(ExtensibilityGlobals) = postSolution
		SolutionGuid = {00EDF5E1-313E-4579-B129-B667FCC890B3}
	EndGlobalSection
EndGlobal
