
Microsoft Visual Studio Solution File, Format Version 12.00
# Visual Studio Version 17
VisualStudioVersion = 17.5.002.0
MinimumVisualStudioVersion = 10.0.40219.1
Project("{9A19103F-16F7-4668-BE54-9A1E7A4F7556}") = "Students", "Students.csproj", "{CAB88306-3160-4E2C-B516-5CF32AE32CF3}"
EndProject
Global
	GlobalSection(SolutionConfigurationPlatforms) = preSolution
		Debug|Any CPU = Debug|Any CPU
		Release|Any CPU = Release|Any CPU
	EndGlobalSection
	GlobalSection(ProjectConfigurationPlatforms) = postSolution
		{CAB88306-3160-4E2C-B516-5CF32AE32CF3}.Debug|Any CPU.ActiveCfg = Debug|Any CPU
		{CAB88306-3160-4E2C-B516-5CF32AE32CF3}.Debug|Any CPU.Build.0 = Debug|Any CPU
		{CAB88306-3160-4E2C-B516-5CF32AE32CF3}.Release|Any CPU.ActiveCfg = Release|Any CPU
		{CAB88306-3160-4E2C-B516-5CF32AE32CF3}.Release|Any CPU.Build.0 = Release|Any CPU
	EndGlobalSection
	GlobalSection(SolutionProperties) = preSolution
		HideSolutionNode = FALSE
	EndGlobalSection
	GlobalSection(ExtensibilityGlobals) = postSolution
		SolutionGuid = {A72CC2E5-1C71-4667-B662-C18DB3A04EE2}
	EndGlobalSection
EndGlobal
