
Microsoft Visual Studio Solution File, Format Version 12.00
# Visual Studio Version 17
VisualStudioVersion = 17.7.34024.191
MinimumVisualStudioVersion = 10.0.40219.1
Project("{9A19103F-16F7-4668-BE54-9A1E7A4F7556}") = "ProductService.Api", "ProductService.Api\ProductService.Api.csproj", "{878AC227-D72E-4060-B10F-4D7775C92179}"
EndProject
Project("{2150E333-8FDC-42A3-9474-1A3956D46DE8}") = "Api", "Api", "{32F75576-656D-4735-A683-A708296EE365}"
EndProject
Project("{2150E333-8FDC-42A3-9474-1A3956D46DE8}") = "Application", "Application", "{325D3B4E-7C81-4894-91D8-35F9887D37FF}"
EndProject
Project("{2150E333-8FDC-42A3-9474-1A3956D46DE8}") = "Domain", "Domain", "{9EC592F3-DC35-4764-A7AC-000F6C452FF9}"
EndProject
Project("{2150E333-8FDC-42A3-9474-1A3956D46DE8}") = "Infrastructure", "Infrastructure", "{61CCDCD1-A8D2-4B67-8016-2459774777FE}"
EndProject
Project("{2150E333-8FDC-42A3-9474-1A3956D46DE8}") = "Utilities", "Utilities", "{179BEB4C-7B45-4A49-8EEF-0EAA426D5CE5}"
EndProject
Project("{FAE04EC0-301F-11D3-BF4B-00C04F79EFBC}") = "ProductService.Application", "ProductService.Application\ProductService.Application.csproj", "{14A23698-B673-41CD-BAC3-6B3BF31DFC64}"
EndProject
Project("{FAE04EC0-301F-11D3-BF4B-00C04F79EFBC}") = "ProductService.Domain", "ProductService.Domain\ProductService.Domain.csproj", "{514C0ADD-95E4-482B-A8AD-555ED760B061}"
EndProject
Project("{FAE04EC0-301F-11D3-BF4B-00C04F79EFBC}") = "ProductService.Infrastructure", "ProductService.Infrastructure\ProductService.Infrastructure.csproj", "{A0BD4F5B-D2BF-4F4E-8DA3-0F8C846F85A2}"
EndProject
Project("{FAE04EC0-301F-11D3-BF4B-00C04F79EFBC}") = "ProductService.Utilities", "ProductService.Utilities\ProductService.Utilities.csproj", "{2C5D8FA3-A77B-4D92-8B2E-40C121E688F3}"
EndProject
Global
	GlobalSection(SolutionConfigurationPlatforms) = preSolution
		Debug|Any CPU = Debug|Any CPU
		Release|Any CPU = Release|Any CPU
	EndGlobalSection
	GlobalSection(ProjectConfigurationPlatforms) = postSolution
		{878AC227-D72E-4060-B10F-4D7775C92179}.Debug|Any CPU.ActiveCfg = Debug|Any CPU
		{878AC227-D72E-4060-B10F-4D7775C92179}.Debug|Any CPU.Build.0 = Debug|Any CPU
		{878AC227-D72E-4060-B10F-4D7775C92179}.Release|Any CPU.ActiveCfg = Release|Any CPU
		{878AC227-D72E-4060-B10F-4D7775C92179}.Release|Any CPU.Build.0 = Release|Any CPU
		{14A23698-B673-41CD-BAC3-6B3BF31DFC64}.Debug|Any CPU.ActiveCfg = Debug|Any CPU
		{14A23698-B673-41CD-BAC3-6B3BF31DFC64}.Debug|Any CPU.Build.0 = Debug|Any CPU
		{14A23698-B673-41CD-BAC3-6B3BF31DFC64}.Release|Any CPU.ActiveCfg = Release|Any CPU
		{14A23698-B673-41CD-BAC3-6B3BF31DFC64}.Release|Any CPU.Build.0 = Release|Any CPU
		{514C0ADD-95E4-482B-A8AD-555ED760B061}.Debug|Any CPU.ActiveCfg = Debug|Any CPU
		{514C0ADD-95E4-482B-A8AD-555ED760B061}.Debug|Any CPU.Build.0 = Debug|Any CPU
		{514C0ADD-95E4-482B-A8AD-555ED760B061}.Release|Any CPU.ActiveCfg = Release|Any CPU
		{514C0ADD-95E4-482B-A8AD-555ED760B061}.Release|Any CPU.Build.0 = Release|Any CPU
		{A0BD4F5B-D2BF-4F4E-8DA3-0F8C846F85A2}.Debug|Any CPU.ActiveCfg = Debug|Any CPU
		{A0BD4F5B-D2BF-4F4E-8DA3-0F8C846F85A2}.Debug|Any CPU.Build.0 = Debug|Any CPU
		{A0BD4F5B-D2BF-4F4E-8DA3-0F8C846F85A2}.Release|Any CPU.ActiveCfg = Release|Any CPU
		{A0BD4F5B-D2BF-4F4E-8DA3-0F8C846F85A2}.Release|Any CPU.Build.0 = Release|Any CPU
		{2C5D8FA3-A77B-4D92-8B2E-40C121E688F3}.Debug|Any CPU.ActiveCfg = Debug|Any CPU
		{2C5D8FA3-A77B-4D92-8B2E-40C121E688F3}.Debug|Any CPU.Build.0 = Debug|Any CPU
		{2C5D8FA3-A77B-4D92-8B2E-40C121E688F3}.Release|Any CPU.ActiveCfg = Release|Any CPU
		{2C5D8FA3-A77B-4D92-8B2E-40C121E688F3}.Release|Any CPU.Build.0 = Release|Any CPU
	EndGlobalSection
	GlobalSection(SolutionProperties) = preSolution
		HideSolutionNode = FALSE
	EndGlobalSection
	GlobalSection(NestedProjects) = preSolution
		{878AC227-D72E-4060-B10F-4D7775C92179} = {32F75576-656D-4735-A683-A708296EE365}
		{14A23698-B673-41CD-BAC3-6B3BF31DFC64} = {325D3B4E-7C81-4894-91D8-35F9887D37FF}
		{514C0ADD-95E4-482B-A8AD-555ED760B061} = {9EC592F3-DC35-4764-A7AC-000F6C452FF9}
		{A0BD4F5B-D2BF-4F4E-8DA3-0F8C846F85A2} = {61CCDCD1-A8D2-4B67-8016-2459774777FE}
		{2C5D8FA3-A77B-4D92-8B2E-40C121E688F3} = {179BEB4C-7B45-4A49-8EEF-0EAA426D5CE5}
	EndGlobalSection
	GlobalSection(ExtensibilityGlobals) = postSolution
		SolutionGuid = {D368C108-C2FF-46E7-B088-4268F343E2E7}
	EndGlobalSection
EndGlobal
