
Microsoft Visual Studio Solution File, Format Version 12.00
# Visual Studio Version 17
VisualStudioVersion = 17.0.31903.59
MinimumVisualStudioVersion = 10.0.40219.1
Project("{FAE04EC0-301F-11D3-BF4B-00C04F79EFBC}") = "BankApp.UI", "BankApp.UI\BankApp.UI.csproj", "{BEEE7627-4D3D-4725-94BF-F74FB8B21A54}"
EndProject
Project("{FAE04EC0-301F-11D3-BF4B-00C04F79EFBC}") = "BankApp.BL", "BankApp.BL\BankApp.BL.csproj", "{ACE8DA3E-16CD-484B-9949-57AC8CF8701A}"
EndProject
Project("{FAE04EC0-301F-11D3-BF4B-00C04F79EFBC}") = "BankApp.DAL", "BankApp.DAL\BankApp.DAL.csproj", "{8B54D86F-E7FB-449F-9821-2546D04C2B85}"
EndProject
Project("{FAE04EC0-301F-11D3-BF4B-00C04F79EFBC}") = "BankApp.Entities", "BankApp.Entities\BankApp.Entities.csproj", "{E804C1D5-BA90-4D80-B125-E3C177C0088A}"
EndProject
Global
	GlobalSection(SolutionConfigurationPlatforms) = preSolution
		Debug|Any CPU = Debug|Any CPU
		Release|Any CPU = Release|Any CPU
	EndGlobalSection
	GlobalSection(SolutionProperties) = preSolution
		HideSolutionNode = FALSE
	EndGlobalSection
	GlobalSection(ProjectConfigurationPlatforms) = postSolution
		{BEEE7627-4D3D-4725-94BF-F74FB8B21A54}.Debug|Any CPU.ActiveCfg = Debug|Any CPU
		{BEEE7627-4D3D-4725-94BF-F74FB8B21A54}.Debug|Any CPU.Build.0 = Debug|Any CPU
		{BEEE7627-4D3D-4725-94BF-F74FB8B21A54}.Release|Any CPU.ActiveCfg = Release|Any CPU
		{BEEE7627-4D3D-4725-94BF-F74FB8B21A54}.Release|Any CPU.Build.0 = Release|Any CPU
		{ACE8DA3E-16CD-484B-9949-57AC8CF8701A}.Debug|Any CPU.ActiveCfg = Debug|Any CPU
		{ACE8DA3E-16CD-484B-9949-57AC8CF8701A}.Debug|Any CPU.Build.0 = Debug|Any CPU
		{ACE8DA3E-16CD-484B-9949-57AC8CF8701A}.Release|Any CPU.ActiveCfg = Release|Any CPU
		{ACE8DA3E-16CD-484B-9949-57AC8CF8701A}.Release|Any CPU.Build.0 = Release|Any CPU
		{8B54D86F-E7FB-449F-9821-2546D04C2B85}.Debug|Any CPU.ActiveCfg = Debug|Any CPU
		{8B54D86F-E7FB-449F-9821-2546D04C2B85}.Debug|Any CPU.Build.0 = Debug|Any CPU
		{8B54D86F-E7FB-449F-9821-2546D04C2B85}.Release|Any CPU.ActiveCfg = Release|Any CPU
		{8B54D86F-E7FB-449F-9821-2546D04C2B85}.Release|Any CPU.Build.0 = Release|Any CPU
		{E804C1D5-BA90-4D80-B125-E3C177C0088A}.Debug|Any CPU.ActiveCfg = Debug|Any CPU
		{E804C1D5-BA90-4D80-B125-E3C177C0088A}.Debug|Any CPU.Build.0 = Debug|Any CPU
		{E804C1D5-BA90-4D80-B125-E3C177C0088A}.Release|Any CPU.ActiveCfg = Release|Any CPU
		{E804C1D5-BA90-4D80-B125-E3C177C0088A}.Release|Any CPU.Build.0 = Release|Any CPU
	EndGlobalSection
EndGlobal
