
Microsoft Visual Studio Solution File, Format Version 12.00
# Visual Studio Version 17
VisualStudioVersion = 17.2.32630.192
MinimumVisualStudioVersion = 10.0.40219.1
Project("{FAE04EC0-301F-11D3-BF4B-00C04F79EFBC}") = "JulRobUri.Api", "JulRobUri.Api\JulRobUri.Api.csproj", "{675B51BC-3A97-4605-8334-7AC0C9FD9E07}"
EndProject
Global
	GlobalSection(SolutionConfigurationPlatforms) = preSolution
		Debug|Any CPU = Debug|Any CPU
		Release|Any CPU = Release|Any CPU
	EndGlobalSection
	GlobalSection(ProjectConfigurationPlatforms) = postSolution
		{675B51BC-3A97-4605-8334-7AC0C9FD9E07}.Debug|Any CPU.ActiveCfg = Debug|Any CPU
		{675B51BC-3A97-4605-8334-7AC0C9FD9E07}.Debug|Any CPU.Build.0 = Debug|Any CPU
		{675B51BC-3A97-4605-8334-7AC0C9FD9E07}.Release|Any CPU.ActiveCfg = Release|Any CPU
		{675B51BC-3A97-4605-8334-7AC0C9FD9E07}.Release|Any CPU.Build.0 = Release|Any CPU
	EndGlobalSection
	GlobalSection(SolutionProperties) = preSolution
		HideSolutionNode = FALSE
	EndGlobalSection
	GlobalSection(ExtensibilityGlobals) = postSolution
		SolutionGuid = {CC8347A5-645D-431B-B2FB-9B8005EE7587}
	EndGlobalSection
EndGlobal
