
Microsoft Visual Studio Solution File, Format Version 12.00
# Visual Studio Version 17
VisualStudioVersion = 17.7.34003.232
MinimumVisualStudioVersion = 10.0.40219.1
Project("{2150E333-8FDC-42A3-9474-1A3956D46DE8}") = "Api", "Api", "{547DB704-E60D-45B3-A74F-C26A2A024196}"
EndProject
Project("{2150E333-8FDC-42A3-9474-1A3956D46DE8}") = "Domain", "Domain", "{978679FF-8F83-4769-AD9A-FC305661EFA0}"
EndProject
Project("{2150E333-8FDC-42A3-9474-1A3956D46DE8}") = "Application", "Application", "{CDABFED6-AAF2-4F3B-9437-3CCE13077591}"
EndProject
Project("{2150E333-8FDC-42A3-9474-1A3956D46DE8}") = "Infraestructure", "Infraestructure", "{61E1FB25-E23E-46AF-8BF9-CCF0B3230E90}"
EndProject
Project("{9A19103F-16F7-4668-BE54-9A1E7A4F7556}") = "StudentsApp.Api", "StudentsApp.Api\StudentsApp.Api.csproj", "{D12BC8A2-BF84-427C-9D27-E06F121E7ACB}"
EndProject
Project("{FAE04EC0-301F-11D3-BF4B-00C04F79EFBC}") = "StudentsApp.Application", "StudentsApp.Application\StudentsApp.Application.csproj", "{AA6E0E4D-4FA0-45A9-8EB5-0866099B29CB}"
EndProject
Project("{FAE04EC0-301F-11D3-BF4B-00C04F79EFBC}") = "StudentsApp.Domain", "StudentsApp.Domain\StudentsApp.Domain.csproj", "{7D98D936-D55A-4D68-9314-71A264AE9142}"
EndProject
Project("{FAE04EC0-301F-11D3-BF4B-00C04F79EFBC}") = "StudentsApp.Infraestructure", "StudentsApp.Infraestructure\StudentsApp.Infraestructure.csproj", "{5432C4DF-9B17-43CB-B5EA-63127BD0B70D}"
EndProject
Project("{2150E333-8FDC-42A3-9474-1A3956D46DE8}") = "Solution Items", "Solution Items", "{30228CC5-28BC-48C7-A88C-CD813B4BE6AA}"
	ProjectSection(SolutionItems) = preProject
		.editorconfig = .editorconfig
	EndProjectSection
EndProject
Global
	GlobalSection(SolutionConfigurationPlatforms) = preSolution
		Debug|Any CPU = Debug|Any CPU
		Release|Any CPU = Release|Any CPU
	EndGlobalSection
	GlobalSection(ProjectConfigurationPlatforms) = postSolution
		{D12BC8A2-BF84-427C-9D27-E06F121E7ACB}.Debug|Any CPU.ActiveCfg = Debug|Any CPU
		{D12BC8A2-BF84-427C-9D27-E06F121E7ACB}.Debug|Any CPU.Build.0 = Debug|Any CPU
		{D12BC8A2-BF84-427C-9D27-E06F121E7ACB}.Release|Any CPU.ActiveCfg = Release|Any CPU
		{D12BC8A2-BF84-427C-9D27-E06F121E7ACB}.Release|Any CPU.Build.0 = Release|Any CPU
		{AA6E0E4D-4FA0-45A9-8EB5-0866099B29CB}.Debug|Any CPU.ActiveCfg = Debug|Any CPU
		{AA6E0E4D-4FA0-45A9-8EB5-0866099B29CB}.Debug|Any CPU.Build.0 = Debug|Any CPU
		{AA6E0E4D-4FA0-45A9-8EB5-0866099B29CB}.Release|Any CPU.ActiveCfg = Release|Any CPU
		{AA6E0E4D-4FA0-45A9-8EB5-0866099B29CB}.Release|Any CPU.Build.0 = Release|Any CPU
		{7D98D936-D55A-4D68-9314-71A264AE9142}.Debug|Any CPU.ActiveCfg = Debug|Any CPU
		{7D98D936-D55A-4D68-9314-71A264AE9142}.Debug|Any CPU.Build.0 = Debug|Any CPU
		{7D98D936-D55A-4D68-9314-71A264AE9142}.Release|Any CPU.ActiveCfg = Release|Any CPU
		{7D98D936-D55A-4D68-9314-71A264AE9142}.Release|Any CPU.Build.0 = Release|Any CPU
		{5432C4DF-9B17-43CB-B5EA-63127BD0B70D}.Debug|Any CPU.ActiveCfg = Debug|Any CPU
		{5432C4DF-9B17-43CB-B5EA-63127BD0B70D}.Debug|Any CPU.Build.0 = Debug|Any CPU
		{5432C4DF-9B17-43CB-B5EA-63127BD0B70D}.Release|Any CPU.ActiveCfg = Release|Any CPU
		{5432C4DF-9B17-43CB-B5EA-63127BD0B70D}.Release|Any CPU.Build.0 = Release|Any CPU
	EndGlobalSection
	GlobalSection(SolutionProperties) = preSolution
		HideSolutionNode = FALSE
	EndGlobalSection
	GlobalSection(NestedProjects) = preSolution
		{D12BC8A2-BF84-427C-9D27-E06F121E7ACB} = {547DB704-E60D-45B3-A74F-C26A2A024196}
		{AA6E0E4D-4FA0-45A9-8EB5-0866099B29CB} = {CDABFED6-AAF2-4F3B-9437-3CCE13077591}
		{7D98D936-D55A-4D68-9314-71A264AE9142} = {978679FF-8F83-4769-AD9A-FC305661EFA0}
		{5432C4DF-9B17-43CB-B5EA-63127BD0B70D} = {61E1FB25-E23E-46AF-8BF9-CCF0B3230E90}
	EndGlobalSection
	GlobalSection(ExtensibilityGlobals) = postSolution
		SolutionGuid = {A974C7F9-1CCA-46A2-BC7B-5D564289EB96}
	EndGlobalSection
EndGlobal
