
Microsoft Visual Studio Solution File, Format Version 12.00
# Visual Studio Version 17
VisualStudioVersion = 17.3.32819.101
MinimumVisualStudioVersion = 10.0.40219.1
Project("{FAE04EC0-301F-11D3-BF4B-00C04F79EFBC}") = "JuaSanRob.Api", "JuaSanRob.Api\JuaSanRob.Api.csproj", "{55E44D91-BA55-4B0C-8627-78DD15F287C1}"
EndProject
Global
	GlobalSection(SolutionConfigurationPlatforms) = preSolution
		Debug|Any CPU = Debug|Any CPU
		Release|Any CPU = Release|Any CPU
	EndGlobalSection
	GlobalSection(ProjectConfigurationPlatforms) = postSolution
		{55E44D91-BA55-4B0C-8627-78DD15F287C1}.Debug|Any CPU.ActiveCfg = Debug|Any CPU
		{55E44D91-BA55-4B0C-8627-78DD15F287C1}.Debug|Any CPU.Build.0 = Debug|Any CPU
		{55E44D91-BA55-4B0C-8627-78DD15F287C1}.Release|Any CPU.ActiveCfg = Release|Any CPU
		{55E44D91-BA55-4B0C-8627-78DD15F287C1}.Release|Any CPU.Build.0 = Release|Any CPU
	EndGlobalSection
	GlobalSection(SolutionProperties) = preSolution
		HideSolutionNode = FALSE
	EndGlobalSection
	GlobalSection(ExtensibilityGlobals) = postSolution
		SolutionGuid = {778C3010-927D-4BE5-96B2-6C530536CCA5}
	EndGlobalSection
EndGlobal
