
Microsoft Visual Studio Solution File, Format Version 12.00
# Visual Studio Version 17
VisualStudioVersion = 17.7.34003.232
MinimumVisualStudioVersion = 10.0.40219.1
Project("{2150E333-8FDC-42A3-9474-1A3956D46DE8}") = "Api", "Api", "{8990DA32-608B-4F79-B8A5-030A5AEA9E82}"
EndProject
Project("{2150E333-8FDC-42A3-9474-1A3956D46DE8}") = "Application", "Application", "{5E5B715B-8C78-46B2-8742-718E76A06ACC}"
EndProject
Project("{2150E333-8FDC-42A3-9474-1A3956D46DE8}") = "Domain", "Domain", "{A4A2DCA3-395F-4E5E-BB73-E70CCE90560B}"
EndProject
Project("{2150E333-8FDC-42A3-9474-1A3956D46DE8}") = "Infrastructure", "Infrastructure", "{5C7345EE-FEB5-4E1D-8039-003FA240DC58}"
EndProject
Project("{FAE04EC0-301F-11D3-BF4B-00C04F79EFBC}") = "Memebers.Api", "Memebers.Api\Memebers.Api.csproj", "{DCFDC411-88C8-49E8-AA8C-533DE43B6823}"
EndProject
Project("{FAE04EC0-301F-11D3-BF4B-00C04F79EFBC}") = "Members.Application", "Members.Application\Members.Application.csproj", "{20A1A35A-ACF2-452B-AB79-B77F8A4FF36B}"
EndProject
Project("{FAE04EC0-301F-11D3-BF4B-00C04F79EFBC}") = "Members.Domain", "Members.Domain\Members.Domain.csproj", "{0DE07867-24A1-44DE-8231-12F00BC93DFE}"
EndProject
Project("{FAE04EC0-301F-11D3-BF4B-00C04F79EFBC}") = "Members.Infrastructure", "Members.Infrastructure\Members.Infrastructure.csproj", "{E2BA31FF-D6C6-419E-B73E-A77EA34608CE}"
EndProject
Global
	GlobalSection(SolutionConfigurationPlatforms) = preSolution
		Debug|Any CPU = Debug|Any CPU
		Release|Any CPU = Release|Any CPU
	EndGlobalSection
	GlobalSection(ProjectConfigurationPlatforms) = postSolution
		{DCFDC411-88C8-49E8-AA8C-533DE43B6823}.Debug|Any CPU.ActiveCfg = Debug|Any CPU
		{DCFDC411-88C8-49E8-AA8C-533DE43B6823}.Debug|Any CPU.Build.0 = Debug|Any CPU
		{DCFDC411-88C8-49E8-AA8C-533DE43B6823}.Release|Any CPU.ActiveCfg = Release|Any CPU
		{DCFDC411-88C8-49E8-AA8C-533DE43B6823}.Release|Any CPU.Build.0 = Release|Any CPU
		{20A1A35A-ACF2-452B-AB79-B77F8A4FF36B}.Debug|Any CPU.ActiveCfg = Debug|Any CPU
		{20A1A35A-ACF2-452B-AB79-B77F8A4FF36B}.Debug|Any CPU.Build.0 = Debug|Any CPU
		{20A1A35A-ACF2-452B-AB79-B77F8A4FF36B}.Release|Any CPU.ActiveCfg = Release|Any CPU
		{20A1A35A-ACF2-452B-AB79-B77F8A4FF36B}.Release|Any CPU.Build.0 = Release|Any CPU
		{0DE07867-24A1-44DE-8231-12F00BC93DFE}.Debug|Any CPU.ActiveCfg = Debug|Any CPU
		{0DE07867-24A1-44DE-8231-12F00BC93DFE}.Debug|Any CPU.Build.0 = Debug|Any CPU
		{0DE07867-24A1-44DE-8231-12F00BC93DFE}.Release|Any CPU.ActiveCfg = Release|Any CPU
		{0DE07867-24A1-44DE-8231-12F00BC93DFE}.Release|Any CPU.Build.0 = Release|Any CPU
		{E2BA31FF-D6C6-419E-B73E-A77EA34608CE}.Debug|Any CPU.ActiveCfg = Debug|Any CPU
		{E2BA31FF-D6C6-419E-B73E-A77EA34608CE}.Debug|Any CPU.Build.0 = Debug|Any CPU
		{E2BA31FF-D6C6-419E-B73E-A77EA34608CE}.Release|Any CPU.ActiveCfg = Release|Any CPU
		{E2BA31FF-D6C6-419E-B73E-A77EA34608CE}.Release|Any CPU.Build.0 = Release|Any CPU
	EndGlobalSection
	GlobalSection(SolutionProperties) = preSolution
		HideSolutionNode = FALSE
	EndGlobalSection
	GlobalSection(NestedProjects) = preSolution
		{DCFDC411-88C8-49E8-AA8C-533DE43B6823} = {8990DA32-608B-4F79-B8A5-030A5AEA9E82}
		{20A1A35A-ACF2-452B-AB79-B77F8A4FF36B} = {5E5B715B-8C78-46B2-8742-718E76A06ACC}
		{0DE07867-24A1-44DE-8231-12F00BC93DFE} = {A4A2DCA3-395F-4E5E-BB73-E70CCE90560B}
		{E2BA31FF-D6C6-419E-B73E-A77EA34608CE} = {5C7345EE-FEB5-4E1D-8039-003FA240DC58}
	EndGlobalSection
	GlobalSection(ExtensibilityGlobals) = postSolution
		SolutionGuid = {E13C2DA1-218C-4EDF-9303-AAE9C95C2D6F}
	EndGlobalSection
EndGlobal
