
Microsoft Visual Studio Solution File, Format Version 12.00
# Visual Studio Version 17
VisualStudioVersion = 17.13.35919.96 d17.13
MinimumVisualStudioVersion = 10.0.40219.1
Project("{FAE04EC0-301F-11D3-BF4B-00C04F79EFBC}") = "Users.Domain", "User.Domain\Users.Domain.csproj", "{6C648764-3A44-4201-82EC-2195CFEDACFA}"
EndProject
Project("{FAE04EC0-301F-11D3-BF4B-00C04F79EFBC}") = "Users.Application", "Users.Application\Users.Application.csproj", "{8FDF86EC-7465-4AC5-9F18-E69E6A16578F}"
EndProject
Project("{FAE04EC0-301F-11D3-BF4B-00C04F79EFBC}") = "Users.Infrastructure", "User.Infrastructure\Users.Infrastructure.csproj", "{8D9DA61F-D927-445A-93E0-B9DB4BD1A887}"
EndProject
Project("{FAE04EC0-301F-11D3-BF4B-00C04F79EFBC}") = "Users.Api", "Users.Api\Users.Api.csproj", "{513D0042-219F-49CE-B595-34099A356954}"
EndProject
Global
	GlobalSection(SolutionConfigurationPlatforms) = preSolution
		Debug|Any CPU = Debug|Any CPU
		Release|Any CPU = Release|Any CPU
	EndGlobalSection
	GlobalSection(ProjectConfigurationPlatforms) = postSolution
		{6C648764-3A44-4201-82EC-2195CFEDACFA}.Debug|Any CPU.ActiveCfg = Debug|Any CPU
		{6C648764-3A44-4201-82EC-2195CFEDACFA}.Debug|Any CPU.Build.0 = Debug|Any CPU
		{6C648764-3A44-4201-82EC-2195CFEDACFA}.Release|Any CPU.ActiveCfg = Release|Any CPU
		{6C648764-3A44-4201-82EC-2195CFEDACFA}.Release|Any CPU.Build.0 = Release|Any CPU
		{8FDF86EC-7465-4AC5-9F18-E69E6A16578F}.Debug|Any CPU.ActiveCfg = Debug|Any CPU
		{8FDF86EC-7465-4AC5-9F18-E69E6A16578F}.Debug|Any CPU.Build.0 = Debug|Any CPU
		{8FDF86EC-7465-4AC5-9F18-E69E6A16578F}.Release|Any CPU.ActiveCfg = Release|Any CPU
		{8FDF86EC-7465-4AC5-9F18-E69E6A16578F}.Release|Any CPU.Build.0 = Release|Any CPU
		{8D9DA61F-D927-445A-93E0-B9DB4BD1A887}.Debug|Any CPU.ActiveCfg = Debug|Any CPU
		{8D9DA61F-D927-445A-93E0-B9DB4BD1A887}.Debug|Any CPU.Build.0 = Debug|Any CPU
		{8D9DA61F-D927-445A-93E0-B9DB4BD1A887}.Release|Any CPU.ActiveCfg = Release|Any CPU
		{8D9DA61F-D927-445A-93E0-B9DB4BD1A887}.Release|Any CPU.Build.0 = Release|Any CPU
		{513D0042-219F-49CE-B595-34099A356954}.Debug|Any CPU.ActiveCfg = Debug|Any CPU
		{513D0042-219F-49CE-B595-34099A356954}.Debug|Any CPU.Build.0 = Debug|Any CPU
		{513D0042-219F-49CE-B595-34099A356954}.Release|Any CPU.ActiveCfg = Release|Any CPU
		{513D0042-219F-49CE-B595-34099A356954}.Release|Any CPU.Build.0 = Release|Any CPU
	EndGlobalSection
	GlobalSection(SolutionProperties) = preSolution
		HideSolutionNode = FALSE
	EndGlobalSection
	GlobalSection(ExtensibilityGlobals) = postSolution
		SolutionGuid = {F7AEA8B6-0EC2-4129-8811-52AEB6423213}
	EndGlobalSection
EndGlobal
