
Microsoft Visual Studio Solution File, Format Version 12.00
# Visual Studio Version 17
VisualStudioVersion = 17.1.32228.430
MinimumVisualStudioVersion = 10.0.40219.1
Project("{9A19103F-16F7-4668-BE54-9A1E7A4F7556}") = "Api", "Api\Api.csproj", "{598C6B9A-72A0-4057-8A8B-581F940A4A4F}"
EndProject
Project("{2150E333-8FDC-42A3-9474-1A3956D46DE8}") = "RemainderApi", "RemainderApi", "{F928FA34-E71F-4D52-8DB1-A4D15CF035DC}"
EndProject
Project("{2150E333-8FDC-42A3-9474-1A3956D46DE8}") = "ReminInfrastructure", "ReminInfrastructure", "{0DAEC3A3-3600-4390-BB89-D4599E2DB8FC}"
EndProject
Project("{9A19103F-16F7-4668-BE54-9A1E7A4F7556}") = "ReminderAPP.Infrastructure", "Reminder.Infrastructure\ReminderAPP.Infrastructure.csproj", "{C88BB3FA-17A0-488B-961F-A0A1E7B44993}"
EndProject
Project("{2150E333-8FDC-42A3-9474-1A3956D46DE8}") = "RemainDomain", "RemainDomain", "{C42F4555-F693-4FBA-AC1C-9D032B12EED8}"
EndProject
Project("{9A19103F-16F7-4668-BE54-9A1E7A4F7556}") = "ReminderAPP.Domain", "Reminder.Domain\ReminderAPP.Domain.csproj", "{64CB1068-A272-4B45-ACE7-8143593FE466}"
EndProject
Project("{2150E333-8FDC-42A3-9474-1A3956D46DE8}") = "RemainApplication", "RemainApplication", "{752BB6A0-9FDD-4D81-86E8-143F5B8AD91C}"
EndProject
Project("{9A19103F-16F7-4668-BE54-9A1E7A4F7556}") = "ReminderAPP.Application", "Reminder.Application\ReminderAPP.Application.csproj", "{15B2C6E0-9C39-4C95-A243-94C7650153FC}"
EndProject
Global
	GlobalSection(SolutionConfigurationPlatforms) = preSolution
		Debug|Any CPU = Debug|Any CPU
		Release|Any CPU = Release|Any CPU
	EndGlobalSection
	GlobalSection(ProjectConfigurationPlatforms) = postSolution
		{598C6B9A-72A0-4057-8A8B-581F940A4A4F}.Debug|Any CPU.ActiveCfg = Debug|Any CPU
		{598C6B9A-72A0-4057-8A8B-581F940A4A4F}.Debug|Any CPU.Build.0 = Debug|Any CPU
		{598C6B9A-72A0-4057-8A8B-581F940A4A4F}.Release|Any CPU.ActiveCfg = Release|Any CPU
		{598C6B9A-72A0-4057-8A8B-581F940A4A4F}.Release|Any CPU.Build.0 = Release|Any CPU
		{C88BB3FA-17A0-488B-961F-A0A1E7B44993}.Debug|Any CPU.ActiveCfg = Debug|Any CPU
		{C88BB3FA-17A0-488B-961F-A0A1E7B44993}.Debug|Any CPU.Build.0 = Debug|Any CPU
		{C88BB3FA-17A0-488B-961F-A0A1E7B44993}.Release|Any CPU.ActiveCfg = Release|Any CPU
		{C88BB3FA-17A0-488B-961F-A0A1E7B44993}.Release|Any CPU.Build.0 = Release|Any CPU
		{64CB1068-A272-4B45-ACE7-8143593FE466}.Debug|Any CPU.ActiveCfg = Debug|Any CPU
		{64CB1068-A272-4B45-ACE7-8143593FE466}.Debug|Any CPU.Build.0 = Debug|Any CPU
		{64CB1068-A272-4B45-ACE7-8143593FE466}.Release|Any CPU.ActiveCfg = Release|Any CPU
		{64CB1068-A272-4B45-ACE7-8143593FE466}.Release|Any CPU.Build.0 = Release|Any CPU
		{15B2C6E0-9C39-4C95-A243-94C7650153FC}.Debug|Any CPU.ActiveCfg = Debug|Any CPU
		{15B2C6E0-9C39-4C95-A243-94C7650153FC}.Debug|Any CPU.Build.0 = Debug|Any CPU
		{15B2C6E0-9C39-4C95-A243-94C7650153FC}.Release|Any CPU.ActiveCfg = Release|Any CPU
		{15B2C6E0-9C39-4C95-A243-94C7650153FC}.Release|Any CPU.Build.0 = Release|Any CPU
	EndGlobalSection
	GlobalSection(SolutionProperties) = preSolution
		HideSolutionNode = FALSE
	EndGlobalSection
	GlobalSection(NestedProjects) = preSolution
		{598C6B9A-72A0-4057-8A8B-581F940A4A4F} = {F928FA34-E71F-4D52-8DB1-A4D15CF035DC}
		{C88BB3FA-17A0-488B-961F-A0A1E7B44993} = {0DAEC3A3-3600-4390-BB89-D4599E2DB8FC}
		{64CB1068-A272-4B45-ACE7-8143593FE466} = {C42F4555-F693-4FBA-AC1C-9D032B12EED8}
		{15B2C6E0-9C39-4C95-A243-94C7650153FC} = {752BB6A0-9FDD-4D81-86E8-143F5B8AD91C}
	EndGlobalSection
	GlobalSection(ExtensibilityGlobals) = postSolution
		SolutionGuid = {7A2E3E66-33C8-477C-B3D1-C76E63ACBBAB}
	EndGlobalSection
EndGlobal
