Microsoft Visual Studio Solution File, Format Version 12.00
# Visual Studio Version 17
VisualStudioVersion = 17.5.2.0
MinimumVisualStudioVersion = 10.0.40219.1
Project("{FAE04EC0-301F-11D3-BF4B-00C04F79EFBC}") = "MoneyBankService.Api", "MoneyBankService.Api.csproj", "{4398BEB0-7679-45F1-9EB3-8518049F8A30}"
EndProject
Global
	GlobalSection(SolutionConfigurationPlatforms) = preSolution
		Debug|Any CPU = Debug|Any CPU
		Release|Any CPU = Release|Any CPU
	EndGlobalSection
	GlobalSection(ProjectConfigurationPlatforms) = postSolution
		{4398BEB0-7679-45F1-9EB3-8518049F8A30}.Debug|Any CPU.ActiveCfg = Debug|Any CPU
		{4398BEB0-7679-45F1-9EB3-8518049F8A30}.Debug|Any CPU.Build.0 = Debug|Any CPU
		{4398BEB0-7679-45F1-9EB3-8518049F8A30}.Release|Any CPU.ActiveCfg = Release|Any CPU
		{4398BEB0-7679-45F1-9EB3-8518049F8A30}.Release|Any CPU.Build.0 = Release|Any CPU
	EndGlobalSection
	GlobalSection(SolutionProperties) = preSolution
		HideSolutionNode = FALSE
	EndGlobalSection
	GlobalSection(ExtensibilityGlobals) = postSolution
		SolutionGuid = {CB729708-BF17-427A-AC89-D0F8F4D28981}
	EndGlobalSection
EndGlobal
