
Microsoft Visual Studio Solution File, Format Version 12.00
# Visual Studio Version 17
VisualStudioVersion = 17.5.33530.505
MinimumVisualStudioVersion = 10.0.40219.1
Project("{FAE04EC0-301F-11D3-BF4B-00C04F79EFBC}") = "TeamsApi.Api", "TeamsApi.Api.csproj", "{955B0E71-6045-4C9C-8A4D-4CD7A747E17D}"
EndProject
Project("{2150E333-8FDC-42A3-9474-1A3956D46DE8}") = "Dominio", "Dominio", "{02EA681E-C7D8-13C7-8484-4AC65E1B71E8}"
EndProject
Project("{2150E333-8FDC-42A3-9474-1A3956D46DE8}") = "Infraestructura", "Infraestructura", "{8B822F41-4CF9-4186-84CF-93C96CD494D4}"
EndProject
Project("{2150E333-8FDC-42A3-9474-1A3956D46DE8}") = "Aplicacion", "Aplicacion", "{9BCC70BF-800D-475D-9A3A-B2120D1F8FDF}"
EndProject
Project("{2150E333-8FDC-42A3-9474-1A3956D46DE8}") = "Api1", "Api1", "{9EA52272-35DF-4DD8-BEAC-180012604E8C}"
EndProject
Project("{FAE04EC0-301F-11D3-BF4B-00C04F79EFBC}") = "TeamsApi.Aplicacion", "..\TeamsApi.Aplicacion\TeamsApi.Aplicacion.csproj", "{3814D8CA-BB22-4837-AD33-04B5C3696125}"
EndProject
Project("{FAE04EC0-301F-11D3-BF4B-00C04F79EFBC}") = "TeamsApi.Dominio", "..\TeamsApi.Dominio\TeamsApi.Dominio.csproj", "{8B97EBA4-F7B2-4B6E-8905-C4A63B5895FB}"
EndProject
Project("{FAE04EC0-301F-11D3-BF4B-00C04F79EFBC}") = "TeamsApi.Infraestructura", "..\TeamsApi.Infraestructura\TeamsApi.Infraestructura.csproj", "{C7C22C20-85DF-430A-84DE-D2A65380920A}"
EndProject
Project("{2150E333-8FDC-42A3-9474-1A3956D46DE8}") = "Api", "Api", "{4C779D9E-2F94-4193-85A1-AB5ABAEDDF4B}"
EndProject
Project("{FAE04EC0-301F-11D3-BF4B-00C04F79EFBC}") = "TeamsApi.Api", "..\TeamsApi.Api\TeamsApi.Api.csproj", "{1720011C-32F0-4FD6-9D57-A6C40D6D3930}"
EndProject
Global
	GlobalSection(SolutionConfigurationPlatforms) = preSolution
		Debug|Any CPU = Debug|Any CPU
		Release|Any CPU = Release|Any CPU
	EndGlobalSection
	GlobalSection(ProjectConfigurationPlatforms) = postSolution
		{955B0E71-6045-4C9C-8A4D-4CD7A747E17D}.Debug|Any CPU.ActiveCfg = Debug|Any CPU
		{955B0E71-6045-4C9C-8A4D-4CD7A747E17D}.Debug|Any CPU.Build.0 = Debug|Any CPU
		{955B0E71-6045-4C9C-8A4D-4CD7A747E17D}.Release|Any CPU.ActiveCfg = Release|Any CPU
		{955B0E71-6045-4C9C-8A4D-4CD7A747E17D}.Release|Any CPU.Build.0 = Release|Any CPU
		{3814D8CA-BB22-4837-AD33-04B5C3696125}.Debug|Any CPU.ActiveCfg = Debug|Any CPU
		{3814D8CA-BB22-4837-AD33-04B5C3696125}.Debug|Any CPU.Build.0 = Debug|Any CPU
		{3814D8CA-BB22-4837-AD33-04B5C3696125}.Release|Any CPU.ActiveCfg = Release|Any CPU
		{3814D8CA-BB22-4837-AD33-04B5C3696125}.Release|Any CPU.Build.0 = Release|Any CPU
		{8B97EBA4-F7B2-4B6E-8905-C4A63B5895FB}.Debug|Any CPU.ActiveCfg = Debug|Any CPU
		{8B97EBA4-F7B2-4B6E-8905-C4A63B5895FB}.Debug|Any CPU.Build.0 = Debug|Any CPU
		{8B97EBA4-F7B2-4B6E-8905-C4A63B5895FB}.Release|Any CPU.ActiveCfg = Release|Any CPU
		{8B97EBA4-F7B2-4B6E-8905-C4A63B5895FB}.Release|Any CPU.Build.0 = Release|Any CPU
		{C7C22C20-85DF-430A-84DE-D2A65380920A}.Debug|Any CPU.ActiveCfg = Debug|Any CPU
		{C7C22C20-85DF-430A-84DE-D2A65380920A}.Debug|Any CPU.Build.0 = Debug|Any CPU
		{C7C22C20-85DF-430A-84DE-D2A65380920A}.Release|Any CPU.ActiveCfg = Release|Any CPU
		{C7C22C20-85DF-430A-84DE-D2A65380920A}.Release|Any CPU.Build.0 = Release|Any CPU
		{1720011C-32F0-4FD6-9D57-A6C40D6D3930}.Debug|Any CPU.ActiveCfg = Debug|Any CPU
		{1720011C-32F0-4FD6-9D57-A6C40D6D3930}.Debug|Any CPU.Build.0 = Debug|Any CPU
		{1720011C-32F0-4FD6-9D57-A6C40D6D3930}.Release|Any CPU.ActiveCfg = Release|Any CPU
		{1720011C-32F0-4FD6-9D57-A6C40D6D3930}.Release|Any CPU.Build.0 = Release|Any CPU
	EndGlobalSection
	GlobalSection(SolutionProperties) = preSolution
		HideSolutionNode = FALSE
	EndGlobalSection
	GlobalSection(NestedProjects) = preSolution
		{955B0E71-6045-4C9C-8A4D-4CD7A747E17D} = {9EA52272-35DF-4DD8-BEAC-180012604E8C}
		{3814D8CA-BB22-4837-AD33-04B5C3696125} = {9BCC70BF-800D-475D-9A3A-B2120D1F8FDF}
		{8B97EBA4-F7B2-4B6E-8905-C4A63B5895FB} = {02EA681E-C7D8-13C7-8484-4AC65E1B71E8}
		{C7C22C20-85DF-430A-84DE-D2A65380920A} = {8B822F41-4CF9-4186-84CF-93C96CD494D4}
		{1720011C-32F0-4FD6-9D57-A6C40D6D3930} = {4C779D9E-2F94-4193-85A1-AB5ABAEDDF4B}
	EndGlobalSection
	GlobalSection(ExtensibilityGlobals) = postSolution
		SolutionGuid = {BD9B6068-E45E-42F9-BBB1-782C2A992D6B}
	EndGlobalSection
EndGlobal
