
Microsoft Visual Studio Solution File, Format Version 12.00
# Visual Studio Version 17
VisualStudioVersion = 17.3.32929.385
MinimumVisualStudioVersion = 10.0.40219.1
Project("{2150E333-8FDC-42A3-9474-1A3956D46DE8}") = "01.Api", "01.Api", "{BF6985D2-60ED-42D8-A23A-CCB411B7ACE3}"
EndProject
Project("{2150E333-8FDC-42A3-9474-1A3956D46DE8}") = "02.Application", "02.Application", "{D776678A-DAC7-4792-98E6-B03D890FDDF0}"
EndProject
Project("{2150E333-8FDC-42A3-9474-1A3956D46DE8}") = "03.Infrastructure", "03.Infrastructure", "{E658CD60-8B20-41FA-9E4D-ABB5A4A5BA3A}"
EndProject
Project("{2150E333-8FDC-42A3-9474-1A3956D46DE8}") = "04.Domain", "04.Domain", "{8162E679-86EC-4739-ABED-6E3B62E61C9A}"
EndProject
Project("{FAE04EC0-301F-11D3-BF4B-00C04F79EFBC}") = "Arepas.Api", "Arepas.Api\Arepas.Api.csproj", "{0B30D574-22D7-46F7-A9EC-83C15BC31E7B}"
EndProject
Project("{FAE04EC0-301F-11D3-BF4B-00C04F79EFBC}") = "Arepas.Application", "Arepas.Application\Arepas.Application.csproj", "{FA436039-C5D6-4441-9D2F-AD3CBA37B12D}"
EndProject
Project("{FAE04EC0-301F-11D3-BF4B-00C04F79EFBC}") = "Arepas.Infrasctructure", "Arepas.Infrasctructure\Arepas.Infrasctructure.csproj", "{E4264588-2CF4-426E-93E8-31253B9103F5}"
EndProject
Project("{FAE04EC0-301F-11D3-BF4B-00C04F79EFBC}") = "Arepas.Domain", "Arepas.Domain\Arepas.Domain.csproj", "{F3C15EEF-6050-42EA-B7D3-34E55F741AAE}"
EndProject
Global
	GlobalSection(SolutionConfigurationPlatforms) = preSolution
		Debug|Any CPU = Debug|Any CPU
		Release|Any CPU = Release|Any CPU
	EndGlobalSection
	GlobalSection(ProjectConfigurationPlatforms) = postSolution
		{0B30D574-22D7-46F7-A9EC-83C15BC31E7B}.Debug|Any CPU.ActiveCfg = Debug|Any CPU
		{0B30D574-22D7-46F7-A9EC-83C15BC31E7B}.Debug|Any CPU.Build.0 = Debug|Any CPU
		{0B30D574-22D7-46F7-A9EC-83C15BC31E7B}.Release|Any CPU.ActiveCfg = Release|Any CPU
		{0B30D574-22D7-46F7-A9EC-83C15BC31E7B}.Release|Any CPU.Build.0 = Release|Any CPU
		{FA436039-C5D6-4441-9D2F-AD3CBA37B12D}.Debug|Any CPU.ActiveCfg = Debug|Any CPU
		{FA436039-C5D6-4441-9D2F-AD3CBA37B12D}.Debug|Any CPU.Build.0 = Debug|Any CPU
		{FA436039-C5D6-4441-9D2F-AD3CBA37B12D}.Release|Any CPU.ActiveCfg = Release|Any CPU
		{FA436039-C5D6-4441-9D2F-AD3CBA37B12D}.Release|Any CPU.Build.0 = Release|Any CPU
		{E4264588-2CF4-426E-93E8-31253B9103F5}.Debug|Any CPU.ActiveCfg = Debug|Any CPU
		{E4264588-2CF4-426E-93E8-31253B9103F5}.Debug|Any CPU.Build.0 = Debug|Any CPU
		{E4264588-2CF4-426E-93E8-31253B9103F5}.Release|Any CPU.ActiveCfg = Release|Any CPU
		{E4264588-2CF4-426E-93E8-31253B9103F5}.Release|Any CPU.Build.0 = Release|Any CPU
		{F3C15EEF-6050-42EA-B7D3-34E55F741AAE}.Debug|Any CPU.ActiveCfg = Debug|Any CPU
		{F3C15EEF-6050-42EA-B7D3-34E55F741AAE}.Debug|Any CPU.Build.0 = Debug|Any CPU
		{F3C15EEF-6050-42EA-B7D3-34E55F741AAE}.Release|Any CPU.ActiveCfg = Release|Any CPU
		{F3C15EEF-6050-42EA-B7D3-34E55F741AAE}.Release|Any CPU.Build.0 = Release|Any CPU
	EndGlobalSection
	GlobalSection(SolutionProperties) = preSolution
		HideSolutionNode = FALSE
	EndGlobalSection
	GlobalSection(NestedProjects) = preSolution
		{0B30D574-22D7-46F7-A9EC-83C15BC31E7B} = {BF6985D2-60ED-42D8-A23A-CCB411B7ACE3}
		{FA436039-C5D6-4441-9D2F-AD3CBA37B12D} = {D776678A-DAC7-4792-98E6-B03D890FDDF0}
		{E4264588-2CF4-426E-93E8-31253B9103F5} = {E658CD60-8B20-41FA-9E4D-ABB5A4A5BA3A}
		{F3C15EEF-6050-42EA-B7D3-34E55F741AAE} = {8162E679-86EC-4739-ABED-6E3B62E61C9A}
	EndGlobalSection
	GlobalSection(ExtensibilityGlobals) = postSolution
		SolutionGuid = {F4D1EC1C-6C6A-4A2E-91A1-F271B7E889BE}
	EndGlobalSection
EndGlobal
