
Microsoft Visual Studio Solution File, Format Version 12.00
# Visual Studio Version 17
VisualStudioVersion = 17.2.32630.192
MinimumVisualStudioVersion = 10.0.40219.1
Project("{2150E333-8FDC-42A3-9474-1A3956D46DE8}") = "Api", "Api", "{61AB8175-FB49-41CC-8874-8BB157B40122}"
EndProject
Project("{2150E333-8FDC-42A3-9474-1A3956D46DE8}") = "Application", "Application", "{C980A492-5B4F-40A3-99AD-9FD0375900D7}"
EndProject
Project("{2150E333-8FDC-42A3-9474-1A3956D46DE8}") = "Domain", "Domain", "{27094BE4-0865-43D4-BF05-FA0A26559CBF}"
EndProject
Project("{2150E333-8FDC-42A3-9474-1A3956D46DE8}") = "Infrastructure", "Infrastructure", "{F74A101C-26F7-4CC9-BE2C-93EFAEDF3A1B}"
EndProject
Project("{9A19103F-16F7-4668-BE54-9A1E7A4F7556}") = "EmployeeApp.Domain", "EmployeeApp.Domain\EmployeeApp.Domain.csproj", "{07E6BA18-A887-4CA3-834E-AF6C52DB4C83}"
EndProject
Project("{9A19103F-16F7-4668-BE54-9A1E7A4F7556}") = "EmployeeApp.Application", "EmployeeApp.Application\EmployeeApp.Application.csproj", "{440CA4C1-7432-4A15-93BE-EB0D719BCE00}"
EndProject
Project("{9A19103F-16F7-4668-BE54-9A1E7A4F7556}") = "EmployeeApp.Infrastructure", "EmployeeApp.Infrastructure\EmployeeApp.Infrastructure.csproj", "{D60D793F-B90D-4CC6-AB8A-8E0971634843}"
EndProject
Project("{9A19103F-16F7-4668-BE54-9A1E7A4F7556}") = "EmployeeApp.Api", "EmployeeApp.Api\EmployeeApp.Api.csproj", "{CE0AEDA9-F771-4B2C-A927-8F13C13B0EC8}"
EndProject
Global
	GlobalSection(SolutionConfigurationPlatforms) = preSolution
		Debug|Any CPU = Debug|Any CPU
		Release|Any CPU = Release|Any CPU
	EndGlobalSection
	GlobalSection(ProjectConfigurationPlatforms) = postSolution
		{07E6BA18-A887-4CA3-834E-AF6C52DB4C83}.Debug|Any CPU.ActiveCfg = Debug|Any CPU
		{07E6BA18-A887-4CA3-834E-AF6C52DB4C83}.Debug|Any CPU.Build.0 = Debug|Any CPU
		{07E6BA18-A887-4CA3-834E-AF6C52DB4C83}.Release|Any CPU.ActiveCfg = Release|Any CPU
		{07E6BA18-A887-4CA3-834E-AF6C52DB4C83}.Release|Any CPU.Build.0 = Release|Any CPU
		{440CA4C1-7432-4A15-93BE-EB0D719BCE00}.Debug|Any CPU.ActiveCfg = Debug|Any CPU
		{440CA4C1-7432-4A15-93BE-EB0D719BCE00}.Debug|Any CPU.Build.0 = Debug|Any CPU
		{440CA4C1-7432-4A15-93BE-EB0D719BCE00}.Release|Any CPU.ActiveCfg = Release|Any CPU
		{440CA4C1-7432-4A15-93BE-EB0D719BCE00}.Release|Any CPU.Build.0 = Release|Any CPU
		{D60D793F-B90D-4CC6-AB8A-8E0971634843}.Debug|Any CPU.ActiveCfg = Debug|Any CPU
		{D60D793F-B90D-4CC6-AB8A-8E0971634843}.Debug|Any CPU.Build.0 = Debug|Any CPU
		{D60D793F-B90D-4CC6-AB8A-8E0971634843}.Release|Any CPU.ActiveCfg = Release|Any CPU
		{D60D793F-B90D-4CC6-AB8A-8E0971634843}.Release|Any CPU.Build.0 = Release|Any CPU
		{CE0AEDA9-F771-4B2C-A927-8F13C13B0EC8}.Debug|Any CPU.ActiveCfg = Debug|Any CPU
		{CE0AEDA9-F771-4B2C-A927-8F13C13B0EC8}.Debug|Any CPU.Build.0 = Debug|Any CPU
		{CE0AEDA9-F771-4B2C-A927-8F13C13B0EC8}.Release|Any CPU.ActiveCfg = Release|Any CPU
		{CE0AEDA9-F771-4B2C-A927-8F13C13B0EC8}.Release|Any CPU.Build.0 = Release|Any CPU
	EndGlobalSection
	GlobalSection(SolutionProperties) = preSolution
		HideSolutionNode = FALSE
	EndGlobalSection
	GlobalSection(NestedProjects) = preSolution
		{07E6BA18-A887-4CA3-834E-AF6C52DB4C83} = {27094BE4-0865-43D4-BF05-FA0A26559CBF}
		{440CA4C1-7432-4A15-93BE-EB0D719BCE00} = {C980A492-5B4F-40A3-99AD-9FD0375900D7}
		{D60D793F-B90D-4CC6-AB8A-8E0971634843} = {F74A101C-26F7-4CC9-BE2C-93EFAEDF3A1B}
		{CE0AEDA9-F771-4B2C-A927-8F13C13B0EC8} = {61AB8175-FB49-41CC-8874-8BB157B40122}
	EndGlobalSection
	GlobalSection(ExtensibilityGlobals) = postSolution
		SolutionGuid = {259C8BF3-A200-4C70-A864-2096E3EF3676}
	EndGlobalSection
EndGlobal
