
Microsoft Visual Studio Solution File, Format Version 12.00
# Visual Studio Version 17
VisualStudioVersion = 17.7.34024.191
MinimumVisualStudioVersion = 10.0.40219.1
Project("{2150E333-8FDC-42A3-9474-1A3956D46DE8}") = "Api", "Api", "{3ED01DC3-CD93-45A2-BB37-9740C83442E8}"
EndProject
Project("{2150E333-8FDC-42A3-9474-1A3956D46DE8}") = "Application", "Application", "{A6EB085F-81CB-4CE6-A029-4C9EA9F6D68C}"
EndProject
Project("{2150E333-8FDC-42A3-9474-1A3956D46DE8}") = "Domain", "Domain", "{A6837984-0F72-460F-9688-528606B59309}"
EndProject
Project("{2150E333-8FDC-42A3-9474-1A3956D46DE8}") = "Infrastructure", "Infrastructure", "{A0F6C483-8EC8-41F5-93E6-D07AF3B432D2}"
EndProject
Project("{9A19103F-16F7-4668-BE54-9A1E7A4F7556}") = "CategoryService.Api", "CategoryService.Api\CategoryService.Api.csproj", "{6804D5A9-DB2C-44E0-9236-61F4505FD3F7}"
EndProject
Project("{9A19103F-16F7-4668-BE54-9A1E7A4F7556}") = "CategoryService.Application", "CategoryService.Application\CategoryService.Application.csproj", "{C3DAC233-C7B8-4671-9982-5BB462199FDD}"
EndProject
Project("{9A19103F-16F7-4668-BE54-9A1E7A4F7556}") = "CategoryService.Domain", "CategoryService.Domain\CategoryService.Domain.csproj", "{001DC897-8FD1-4928-A722-BFC8139B409B}"
EndProject
Project("{9A19103F-16F7-4668-BE54-9A1E7A4F7556}") = "CategoryService.Infrastructure", "CategoryService.Infrastructure\CategoryService.Infrastructure.csproj", "{80455DC6-EDE2-4090-A821-9C75103EAEA1}"
EndProject
Global
	GlobalSection(SolutionConfigurationPlatforms) = preSolution
		Debug|Any CPU = Debug|Any CPU
		Release|Any CPU = Release|Any CPU
	EndGlobalSection
	GlobalSection(ProjectConfigurationPlatforms) = postSolution
		{6804D5A9-DB2C-44E0-9236-61F4505FD3F7}.Debug|Any CPU.ActiveCfg = Debug|Any CPU
		{6804D5A9-DB2C-44E0-9236-61F4505FD3F7}.Debug|Any CPU.Build.0 = Debug|Any CPU
		{6804D5A9-DB2C-44E0-9236-61F4505FD3F7}.Release|Any CPU.ActiveCfg = Release|Any CPU
		{6804D5A9-DB2C-44E0-9236-61F4505FD3F7}.Release|Any CPU.Build.0 = Release|Any CPU
		{C3DAC233-C7B8-4671-9982-5BB462199FDD}.Debug|Any CPU.ActiveCfg = Debug|Any CPU
		{C3DAC233-C7B8-4671-9982-5BB462199FDD}.Debug|Any CPU.Build.0 = Debug|Any CPU
		{C3DAC233-C7B8-4671-9982-5BB462199FDD}.Release|Any CPU.ActiveCfg = Release|Any CPU
		{C3DAC233-C7B8-4671-9982-5BB462199FDD}.Release|Any CPU.Build.0 = Release|Any CPU
		{001DC897-8FD1-4928-A722-BFC8139B409B}.Debug|Any CPU.ActiveCfg = Debug|Any CPU
		{001DC897-8FD1-4928-A722-BFC8139B409B}.Debug|Any CPU.Build.0 = Debug|Any CPU
		{001DC897-8FD1-4928-A722-BFC8139B409B}.Release|Any CPU.ActiveCfg = Release|Any CPU
		{001DC897-8FD1-4928-A722-BFC8139B409B}.Release|Any CPU.Build.0 = Release|Any CPU
		{80455DC6-EDE2-4090-A821-9C75103EAEA1}.Debug|Any CPU.ActiveCfg = Debug|Any CPU
		{80455DC6-EDE2-4090-A821-9C75103EAEA1}.Debug|Any CPU.Build.0 = Debug|Any CPU
		{80455DC6-EDE2-4090-A821-9C75103EAEA1}.Release|Any CPU.ActiveCfg = Release|Any CPU
		{80455DC6-EDE2-4090-A821-9C75103EAEA1}.Release|Any CPU.Build.0 = Release|Any CPU
	EndGlobalSection
	GlobalSection(SolutionProperties) = preSolution
		HideSolutionNode = FALSE
	EndGlobalSection
	GlobalSection(NestedProjects) = preSolution
		{6804D5A9-DB2C-44E0-9236-61F4505FD3F7} = {3ED01DC3-CD93-45A2-BB37-9740C83442E8}
		{C3DAC233-C7B8-4671-9982-5BB462199FDD} = {A6EB085F-81CB-4CE6-A029-4C9EA9F6D68C}
		{001DC897-8FD1-4928-A722-BFC8139B409B} = {A6837984-0F72-460F-9688-528606B59309}
		{80455DC6-EDE2-4090-A821-9C75103EAEA1} = {A0F6C483-8EC8-41F5-93E6-D07AF3B432D2}
	EndGlobalSection
	GlobalSection(ExtensibilityGlobals) = postSolution
		SolutionGuid = {0195FEC2-671A-4DCD-9677-49473A069148}
	EndGlobalSection
EndGlobal
