
Microsoft Visual Studio Solution File, Format Version 12.00
# Visual Studio Version 17
VisualStudioVersion = 17.1.32210.238
MinimumVisualStudioVersion = 10.0.40219.1
Project("{FAE04EC0-301F-11D3-BF4B-00C04F79EFBC}") = "WebDev.Application", "WebDev.Application\WebDev.Application.csproj", "{0C0ED874-7D5B-45B0-AB26-C1C4A0340CE8}"
EndProject
Project("{FAE04EC0-301F-11D3-BF4B-00C04F79EFBC}") = "WebDev.Services", "WebDev.Services\WebDev.Services.csproj", "{121A5637-6F8B-4303-8EC3-1AA059654333}"
EndProject
Global
	GlobalSection(SolutionConfigurationPlatforms) = preSolution
		Debug|Any CPU = Debug|Any CPU
		Release|Any CPU = Release|Any CPU
	EndGlobalSection
	GlobalSection(ProjectConfigurationPlatforms) = postSolution
		{0C0ED874-7D5B-45B0-AB26-C1C4A0340CE8}.Debug|Any CPU.ActiveCfg = Debug|Any CPU
		{0C0ED874-7D5B-45B0-AB26-C1C4A0340CE8}.Debug|Any CPU.Build.0 = Debug|Any CPU
		{0C0ED874-7D5B-45B0-AB26-C1C4A0340CE8}.Release|Any CPU.ActiveCfg = Release|Any CPU
		{0C0ED874-7D5B-45B0-AB26-C1C4A0340CE8}.Release|Any CPU.Build.0 = Release|Any CPU
		{121A5637-6F8B-4303-8EC3-1AA059654333}.Debug|Any CPU.ActiveCfg = Debug|Any CPU
		{121A5637-6F8B-4303-8EC3-1AA059654333}.Debug|Any CPU.Build.0 = Debug|Any CPU
		{121A5637-6F8B-4303-8EC3-1AA059654333}.Release|Any CPU.ActiveCfg = Release|Any CPU
		{121A5637-6F8B-4303-8EC3-1AA059654333}.Release|Any CPU.Build.0 = Release|Any CPU
	EndGlobalSection
	GlobalSection(SolutionProperties) = preSolution
		HideSolutionNode = FALSE
	EndGlobalSection
	GlobalSection(ExtensibilityGlobals) = postSolution
		SolutionGuid = {21431BFF-60A8-4DB7-9A98-7632D5D572B1}
	EndGlobalSection
EndGlobal
