
Microsoft Visual Studio Solution File, Format Version 12.00
# Visual Studio Version 17
VisualStudioVersion = 17.0.31903.59
MinimumVisualStudioVersion = 10.0.40219.1
Project("{FAE04EC0-301F-11D3-BF4B-00C04F79EFBC}") = "UserManagerApp.UI", "UserManagerApp.UI\UserManagerApp.UI.csproj", "{93FF8600-5080-40CD-BA9D-3C0090F7F320}"
EndProject
Project("{FAE04EC0-301F-11D3-BF4B-00C04F79EFBC}") = "UserManagerApp.BL", "UserManagerApp.BL\UserManagerApp.BL.csproj", "{D5BEAD45-360A-48DE-B645-EE4452530A46}"
EndProject
Project("{FAE04EC0-301F-11D3-BF4B-00C04F79EFBC}") = "UserManagerApp.DAL", "UserManagerApp.DAL\UserManagerApp.DAL.csproj", "{9A1EB2A0-0032-462F-9A29-4D077448CBFE}"
EndProject
Project("{FAE04EC0-301F-11D3-BF4B-00C04F79EFBC}") = "UserManagerApp.Entities", "UserManagerApp.Entities\UserManagerApp.Entities.csproj", "{B41AB108-8237-4674-8020-B5A1037854C6}"
EndProject
Global
	GlobalSection(SolutionConfigurationPlatforms) = preSolution
		Debug|Any CPU = Debug|Any CPU
		Debug|x64 = Debug|x64
		Debug|x86 = Debug|x86
		Release|Any CPU = Release|Any CPU
		Release|x64 = Release|x64
		Release|x86 = Release|x86
	EndGlobalSection
	GlobalSection(ProjectConfigurationPlatforms) = postSolution
		{93FF8600-5080-40CD-BA9D-3C0090F7F320}.Debug|Any CPU.ActiveCfg = Debug|Any CPU
		{93FF8600-5080-40CD-BA9D-3C0090F7F320}.Debug|Any CPU.Build.0 = Debug|Any CPU
		{93FF8600-5080-40CD-BA9D-3C0090F7F320}.Debug|x64.ActiveCfg = Debug|Any CPU
		{93FF8600-5080-40CD-BA9D-3C0090F7F320}.Debug|x64.Build.0 = Debug|Any CPU
		{93FF8600-5080-40CD-BA9D-3C0090F7F320}.Debug|x86.ActiveCfg = Debug|Any CPU
		{93FF8600-5080-40CD-BA9D-3C0090F7F320}.Debug|x86.Build.0 = Debug|Any CPU
		{93FF8600-5080-40CD-BA9D-3C0090F7F320}.Release|Any CPU.ActiveCfg = Release|Any CPU
		{93FF8600-5080-40CD-BA9D-3C0090F7F320}.Release|Any CPU.Build.0 = Release|Any CPU
		{93FF8600-5080-40CD-BA9D-3C0090F7F320}.Release|x64.ActiveCfg = Release|Any CPU
		{93FF8600-5080-40CD-BA9D-3C0090F7F320}.Release|x64.Build.0 = Release|Any CPU
		{93FF8600-5080-40CD-BA9D-3C0090F7F320}.Release|x86.ActiveCfg = Release|Any CPU
		{93FF8600-5080-40CD-BA9D-3C0090F7F320}.Release|x86.Build.0 = Release|Any CPU
		{D5BEAD45-360A-48DE-B645-EE4452530A46}.Debug|Any CPU.ActiveCfg = Debug|Any CPU
		{D5BEAD45-360A-48DE-B645-EE4452530A46}.Debug|Any CPU.Build.0 = Debug|Any CPU
		{D5BEAD45-360A-48DE-B645-EE4452530A46}.Debug|x64.ActiveCfg = Debug|Any CPU
		{D5BEAD45-360A-48DE-B645-EE4452530A46}.Debug|x64.Build.0 = Debug|Any CPU
		{D5BEAD45-360A-48DE-B645-EE4452530A46}.Debug|x86.ActiveCfg = Debug|Any CPU
		{D5BEAD45-360A-48DE-B645-EE4452530A46}.Debug|x86.Build.0 = Debug|Any CPU
		{D5BEAD45-360A-48DE-B645-EE4452530A46}.Release|Any CPU.ActiveCfg = Release|Any CPU
		{D5BEAD45-360A-48DE-B645-EE4452530A46}.Release|Any CPU.Build.0 = Release|Any CPU
		{D5BEAD45-360A-48DE-B645-EE4452530A46}.Release|x64.ActiveCfg = Release|Any CPU
		{D5BEAD45-360A-48DE-B645-EE4452530A46}.Release|x64.Build.0 = Release|Any CPU
		{D5BEAD45-360A-48DE-B645-EE4452530A46}.Release|x86.ActiveCfg = Release|Any CPU
		{D5BEAD45-360A-48DE-B645-EE4452530A46}.Release|x86.Build.0 = Release|Any CPU
		{9A1EB2A0-0032-462F-9A29-4D077448CBFE}.Debug|Any CPU.ActiveCfg = Debug|Any CPU
		{9A1EB2A0-0032-462F-9A29-4D077448CBFE}.Debug|Any CPU.Build.0 = Debug|Any CPU
		{9A1EB2A0-0032-462F-9A29-4D077448CBFE}.Debug|x64.ActiveCfg = Debug|Any CPU
		{9A1EB2A0-0032-462F-9A29-4D077448CBFE}.Debug|x64.Build.0 = Debug|Any CPU
		{9A1EB2A0-0032-462F-9A29-4D077448CBFE}.Debug|x86.ActiveCfg = Debug|Any CPU
		{9A1EB2A0-0032-462F-9A29-4D077448CBFE}.Debug|x86.Build.0 = Debug|Any CPU
		{9A1EB2A0-0032-462F-9A29-4D077448CBFE}.Release|Any CPU.ActiveCfg = Release|Any CPU
		{9A1EB2A0-0032-462F-9A29-4D077448CBFE}.Release|Any CPU.Build.0 = Release|Any CPU
		{9A1EB2A0-0032-462F-9A29-4D077448CBFE}.Release|x64.ActiveCfg = Release|Any CPU
		{9A1EB2A0-0032-462F-9A29-4D077448CBFE}.Release|x64.Build.0 = Release|Any CPU
		{9A1EB2A0-0032-462F-9A29-4D077448CBFE}.Release|x86.ActiveCfg = Release|Any CPU
		{9A1EB2A0-0032-462F-9A29-4D077448CBFE}.Release|x86.Build.0 = Release|Any CPU
		{B41AB108-8237-4674-8020-B5A1037854C6}.Debug|Any CPU.ActiveCfg = Debug|Any CPU
		{B41AB108-8237-4674-8020-B5A1037854C6}.Debug|Any CPU.Build.0 = Debug|Any CPU
		{B41AB108-8237-4674-8020-B5A1037854C6}.Debug|x64.ActiveCfg = Debug|Any CPU
		{B41AB108-8237-4674-8020-B5A1037854C6}.Debug|x64.Build.0 = Debug|Any CPU
		{B41AB108-8237-4674-8020-B5A1037854C6}.Debug|x86.ActiveCfg = Debug|Any CPU
		{B41AB108-8237-4674-8020-B5A1037854C6}.Debug|x86.Build.0 = Debug|Any CPU
		{B41AB108-8237-4674-8020-B5A1037854C6}.Release|Any CPU.ActiveCfg = Release|Any CPU
		{B41AB108-8237-4674-8020-B5A1037854C6}.Release|Any CPU.Build.0 = Release|Any CPU
		{B41AB108-8237-4674-8020-B5A1037854C6}.Release|x64.ActiveCfg = Release|Any CPU
		{B41AB108-8237-4674-8020-B5A1037854C6}.Release|x64.Build.0 = Release|Any CPU
		{B41AB108-8237-4674-8020-B5A1037854C6}.Release|x86.ActiveCfg = Release|Any CPU
		{B41AB108-8237-4674-8020-B5A1037854C6}.Release|x86.Build.0 = Release|Any CPU
	EndGlobalSection
	GlobalSection(SolutionProperties) = preSolution
		HideSolutionNode = FALSE
	EndGlobalSection
EndGlobal
